
Microsoft Visual Studio Solution File, Format Version 12.00
# Visual Studio Version 17
VisualStudioVersion = 17.0.31903.59
MinimumVisualStudioVersion = 10.0.40219.1
Project("{2150E333-8FDC-42A3-9474-1A3956D46DE8}") = "src", "src", "{827E0CD3-B72D-47B6-A68D-7590B98EB39B}"
EndProject
Project("{FAE04EC0-301F-11D3-BF4B-00C04F79EFBC}") = "Wolfstare.Core", "src\Wolfstare.Core\Wolfstare.Core.csproj", "{8F55A26A-7CA1-4879-B882-5D5FF27F057F}"
EndProject
Project("{FAE04EC0-301F-11D3-BF4B-00C04F79EFBC}") = "Wolfstare.Core.Tests", "tests\Wolfstare.Core.Tests\Wolfstare.Core.Tests.csproj", "{92B7881E-9192-42FB-AD9E-A3F9CD809573}"
EndProject
Project("{FAE04EC0-301F-11D3-BF4B-00C04F79EFBC}") = "Wolfstare.Contracts", "src\Wolfstare.Contracts\Wolfstare.Contracts.csproj", "{81091782-1FD4-402F-B27A-9ADBBADCCC9D}"
EndProject
Project("{FAE04EC0-301F-11D3-BF4B-00C04F79EFBC}") = "Wolfstare.Service", "src\Wolfstare.Service\Wolfstare.Service.csproj", "{C7E89914-F9DF-4F86-8F5B-6DFF8D4C8E16}"
EndProject
Project("{FAE04EC0-301F-11D3-BF4B-00C04F79EFBC}") = "Wolfstare.Service.Tests", "tests\Wolfstare.Service.Tests\Wolfstare.Service.Tests.csproj", "{038DE55F-BD2E-48DF-91A4-40C78A48E533}"
EndProject
Project("{FAE04EC0-301F-11D3-BF4B-00C04F79EFBC}") = "Wolfstare.Enforcement", "src\Wolfstare.Enforcement\Wolfstare.Enforcement.csproj", "{B83D7B52-8A5A-421A-A15B-1CE643B33330}"
EndProject
Project("{FAE04EC0-301F-11D3-BF4B-00C04F79EFBC}") = "Wolfstare.Enforcement.Tests", "tests\Wolfstare.Enforcement.Tests\Wolfstare.Enforcement.Tests.csproj", "{6CD6377B-B55C-439D-9A8E-8710B66A2D8D}"
EndProject
Global
	GlobalSection(SolutionConfigurationPlatforms) = preSolution
		Debug|Any CPU = Debug|Any CPU
		Debug|x64 = Debug|x64
		Debug|x86 = Debug|x86
		Release|Any CPU = Release|Any CPU
		Release|x64 = Release|x64
		Release|x86 = Release|x86
	EndGlobalSection
	GlobalSection(ProjectConfigurationPlatforms) = postSolution
		{8F55A26A-7CA1-4879-B882-5D5FF27F057F}.Debug|Any CPU.ActiveCfg = Debug|Any CPU
		{8F55A26A-7CA1-4879-B882-5D5FF27F057F}.Debug|Any CPU.Build.0 = Debug|Any CPU
		{8F55A26A-7CA1-4879-B882-5D5FF27F057F}.Debug|x64.ActiveCfg = Debug|Any CPU
		{8F55A26A-7CA1-4879-B882-5D5FF27F057F}.Debug|x64.Build.0 = Debug|Any CPU
		{8F55A26A-7CA1-4879-B882-5D5FF27F057F}.Debug|x86.ActiveCfg = Debug|Any CPU
		{8F55A26A-7CA1-4879-B882-5D5FF27F057F}.Debug|x86.Build.0 = Debug|Any CPU
		{8F55A26A-7CA1-4879-B882-5D5FF27F057F}.Release|Any CPU.ActiveCfg = Release|Any CPU
		{8F55A26A-7CA1-4879-B882-5D5FF27F057F}.Release|Any CPU.Build.0 = Release|Any CPU
		{8F55A26A-7CA1-4879-B882-5D5FF27F057F}.Release|x64.ActiveCfg = Release|Any CPU
		{8F55A26A-7CA1-4879-B882-5D5FF27F057F}.Release|x64.Build.0 = Release|Any CPU
		{8F55A26A-7CA1-4879-B882-5D5FF27F057F}.Release|x86.ActiveCfg = Release|Any CPU
		{8F55A26A-7CA1-4879-B882-5D5FF27F057F}.Release|x86.Build.0 = Release|Any CPU
		{92B7881E-9192-42FB-AD9E-A3F9CD809573}.Debug|Any CPU.ActiveCfg = Debug|Any CPU
		{92B7881E-9192-42FB-AD9E-A3F9CD809573}.Debug|Any CPU.Build.0 = Debug|Any CPU
		{92B7881E-9192-42FB-AD9E-A3F9CD809573}.Debug|x64.ActiveCfg = Debug|Any CPU
		{92B7881E-9192-42FB-AD9E-A3F9CD809573}.Debug|x64.Build.0 = Debug|Any CPU
		{92B7881E-9192-42FB-AD9E-A3F9CD809573}.Debug|x86.ActiveCfg = Debug|Any CPU
		{92B7881E-9192-42FB-AD9E-A3F9CD809573}.Debug|x86.Build.0 = Debug|Any CPU
		{92B7881E-9192-42FB-AD9E-A3F9CD809573}.Release|Any CPU.ActiveCfg = Release|Any CPU
		{92B7881E-9192-42FB-AD9E-A3F9CD809573}.Release|Any CPU.Build.0 = Release|Any CPU
		{92B7881E-9192-42FB-AD9E-A3F9CD809573}.Release|x64.ActiveCfg = Release|Any CPU
		{92B7881E-9192-42FB-AD9E-A3F9CD809573}.Release|x64.Build.0 = Release|Any CPU
		{92B7881E-9192-42FB-AD9E-A3F9CD809573}.Release|x86.ActiveCfg = Release|Any CPU
		{92B7881E-9192-42FB-AD9E-A3F9CD809573}.Release|x86.Build.0 = Release|Any CPU
		{81091782-1FD4-402F-B27A-9ADBBADCCC9D}.Debug|Any CPU.ActiveCfg = Debug|Any CPU
		{81091782-1FD4-402F-B27A-9ADBBADCCC9D}.Debug|Any CPU.Build.0 = Debug|Any CPU
		{81091782-1FD4-402F-B27A-9ADBBADCCC9D}.Debug|x64.ActiveCfg = Debug|Any CPU
		{81091782-1FD4-402F-B27A-9ADBBADCCC9D}.Debug|x64.Build.0 = Debug|Any CPU
		{81091782-1FD4-402F-B27A-9ADBBADCCC9D}.Debug|x86.ActiveCfg = Debug|Any CPU
		{81091782-1FD4-402F-B27A-9ADBBADCCC9D}.Debug|x86.Build.0 = Debug|Any CPU
		{81091782-1FD4-402F-B27A-9ADBBADCCC9D}.Release|Any CPU.ActiveCfg = Release|Any CPU
		{81091782-1FD4-402F-B27A-9ADBBADCCC9D}.Release|Any CPU.Build.0 = Release|Any CPU
		{81091782-1FD4-402F-B27A-9ADBBADCCC9D}.Release|x64.ActiveCfg = Release|Any CPU
		{81091782-1FD4-402F-B27A-9ADBBADCCC9D}.Release|x64.Build.0 = Release|Any CPU
		{81091782-1FD4-402F-B27A-9ADBBADCCC9D}.Release|x86.ActiveCfg = Release|Any CPU
		{81091782-1FD4-402F-B27A-9ADBBADCCC9D}.Release|x86.Build.0 = Release|Any CPU
		{C7E89914-F9DF-4F86-8F5B-6DFF8D4C8E16}.Debug|Any CPU.ActiveCfg = Debug|Any CPU
		{C7E89914-F9DF-4F86-8F5B-6DFF8D4C8E16}.Debug|Any CPU.Build.0 = Debug|Any CPU
		{C7E89914-F9DF-4F86-8F5B-6DFF8D4C8E16}.Debug|x64.ActiveCfg = Debug|Any CPU
		{C7E89914-F9DF-4F86-8F5B-6DFF8D4C8E16}.Debug|x64.Build.0 = Debug|Any CPU
		{C7E89914-F9DF-4F86-8F5B-6DFF8D4C8E16}.Debug|x86.ActiveCfg = Debug|Any CPU
		{C7E89914-F9DF-4F86-8F5B-6DFF8D4C8E16}.Debug|x86.Build.0 = Debug|Any CPU
		{C7E89914-F9DF-4F86-8F5B-6DFF8D4C8E16}.Release|Any CPU.ActiveCfg = Release|Any CPU
		{C7E89914-F9DF-4F86-8F5B-6DFF8D4C8E16}.Release|Any CPU.Build.0 = Release|Any CPU
		{C7E89914-F9DF-4F86-8F5B-6DFF8D4C8E16}.Release|x64.ActiveCfg = Release|Any CPU
		{C7E89914-F9DF-4F86-8F5B-6DFF8D4C8E16}.Release|x64.Build.0 = Release|Any CPU
		{C7E89914-F9DF-4F86-8F5B-6DFF8D4C8E16}.Release|x86.ActiveCfg = Release|Any CPU
		{C7E89914-F9DF-4F86-8F5B-6DFF8D4C8E16}.Release|x86.Build.0 = Release|Any CPU
		{038DE55F-BD2E-48DF-91A4-40C78A48E533}.Debug|Any CPU.ActiveCfg = Debug|Any CPU
		{038DE55F-BD2E-48DF-91A4-40C78A48E533}.Debug|Any CPU.Build.0 = Debug|Any CPU
		{038DE55F-BD2E-48DF-91A4-40C78A48E533}.Debug|x64.ActiveCfg = Debug|Any CPU
		{038DE55F-BD2E-48DF-91A4-40C78A48E533}.Debug|x64.Build.0 = Debug|Any CPU
		{038DE55F-BD2E-48DF-91A4-40C78A48E533}.Debug|x86.ActiveCfg = Debug|Any CPU
		{038DE55F-BD2E-48DF-91A4-40C78A48E533}.Debug|x86.Build.0 = Debug|Any CPU
		{038DE55F-BD2E-48DF-91A4-40C78A48E533}.Release|Any CPU.ActiveCfg = Release|Any CPU
		{038DE55F-BD2E-48DF-91A4-40C78A48E533}.Release|Any CPU.Build.0 = Release|Any CPU
		{038DE55F-BD2E-48DF-91A4-40C78A48E533}.Release|x64.ActiveCfg = Release|Any CPU
		{038DE55F-BD2E-48DF-91A4-40C78A48E533}.Release|x64.Build.0 = Release|Any CPU
		{038DE55F-BD2E-48DF-91A4-40C78A48E533}.Release|x86.ActiveCfg = Release|Any CPU
		{038DE55F-BD2E-48DF-91A4-40C78A48E533}.Release|x86.Build.0 = Release|Any CPU
		{B83D7B52-8A5A-421A-A15B-1CE643B33330}.Debug|Any CPU.ActiveCfg = Debug|Any CPU
		{B83D7B52-8A5A-421A-A15B-1CE643B33330}.Debug|Any CPU.Build.0 = Debug|Any CPU
		{B83D7B52-8A5A-421A-A15B-1CE643B33330}.Debug|x64.ActiveCfg = Debug|Any CPU
		{B83D7B52-8A5A-421A-A15B-1CE643B33330}.Debug|x64.Build.0 = Debug|Any CPU
		{B83D7B52-8A5A-421A-A15B-1CE643B33330}.Debug|x86.ActiveCfg = Debug|Any CPU
		{B83D7B52-8A5A-421A-A15B-1CE643B33330}.Debug|x86.Build.0 = Debug|Any CPU
		{B83D7B52-8A5A-421A-A15B-1CE643B33330}.Release|Any CPU.ActiveCfg = Release|Any CPU
		{B83D7B52-8A5A-421A-A15B-1CE643B33330}.Release|Any CPU.Build.0 = Release|Any CPU
		{B83D7B52-8A5A-421A-A15B-1CE643B33330}.Release|x64.ActiveCfg = Release|Any CPU
		{B83D7B52-8A5A-421A-A15B-1CE643B33330}.Release|x64.Build.0 = Release|Any CPU
		{B83D7B52-8A5A-421A-A15B-1CE643B33330}.Release|x86.ActiveCfg = Release|Any CPU
		{B83D7B52-8A5A-421A-A15B-1CE643B33330}.Release|x86.Build.0 = Release|Any CPU
		{6CD6377B-B55C-439D-9A8E-8710B66A2D8D}.Debug|Any CPU.ActiveCfg = Debug|Any CPU
		{6CD6377B-B55C-439D-9A8E-8710B66A2D8D}.Debug|Any CPU.Build.0 = Debug|Any CPU
		{6CD6377B-B55C-439D-9A8E-8710B66A2D8D}.Debug|x64.ActiveCfg = Debug|Any CPU
		{6CD6377B-B55C-439D-9A8E-8710B66A2D8D}.Debug|x64.Build.0 = Debug|Any CPU
		{6CD6377B-B55C-439D-9A8E-8710B66A2D8D}.Debug|x86.ActiveCfg = Debug|Any CPU
		{6CD6377B-B55C-439D-9A8E-8710B66A2D8D}.Debug|x86.Build.0 = Debug|Any CPU
		{6CD6377B-B55C-439D-9A8E-8710B66A2D8D}.Release|Any CPU.ActiveCfg = Release|Any CPU
		{6CD6377B-B55C-439D-9A8E-8710B66A2D8D}.Release|Any CPU.Build.0 = Release|Any CPU
		{6CD6377B-B55C-439D-9A8E-8710B66A2D8D}.Release|x64.ActiveCfg = Release|Any CPU
		{6CD6377B-B55C-439D-9A8E-8710B66A2D8D}.Release|x64.Build.0 = Release|Any CPU
		{6CD6377B-B55C-439D-9A8E-8710B66A2D8D}.Release|x86.ActiveCfg = Release|Any CPU
		{6CD6377B-B55C-439D-9A8E-8710B66A2D8D}.Release|x86.Build.0 = Release|Any CPU
	EndGlobalSection
	GlobalSection(SolutionProperties) = preSolution
		HideSolutionNode = FALSE
	EndGlobalSection
	GlobalSection(NestedProjects) = preSolution
		{8F55A26A-7CA1-4879-B882-5D5FF27F057F} = {827E0CD3-B72D-47B6-A68D-7590B98EB39B}
		{92B7881E-9192-42FB-AD9E-A3F9CD809573} = {827E0CD3-B72D-47B6-A68D-7590B98EB39B}
		{81091782-1FD4-402F-B27A-9ADBBADCCC9D} = {827E0CD3-B72D-47B6-A68D-7590B98EB39B}
		{C7E89914-F9DF-4F86-8F5B-6DFF8D4C8E16} = {827E0CD3-B72D-47B6-A68D-7590B98EB39B}
		{038DE55F-BD2E-48DF-91A4-40C78A48E533} = {827E0CD3-B72D-47B6-A68D-7590B98EB39B}
		{B83D7B52-8A5A-421A-A15B-1CE643B33330} = {827E0CD3-B72D-47B6-A68D-7590B98EB39B}
		{6CD6377B-B55C-439D-9A8E-8710B66A2D8D} = {827E0CD3-B72D-47B6-A68D-7590B98EB39B}
	EndGlobalSection
EndGlobal
